
Microsoft Visual Studio Solution File, Format Version 12.00
# Visual Studio Version 17
VisualStudioVersion = 17.5.33530.505
MinimumVisualStudioVersion = 10.0.40219.1
Project("{9A19103F-16F7-4668-BE54-9A1E7A4F7556}") = "Prep2", "Prep2.csproj", "{993C9602-24BF-4C4B-A049-95DEA5F674B7}"
EndProject
Global
	GlobalSection(SolutionConfigurationPlatforms) = preSolution
		Debug|Any CPU = Debug|Any CPU
		Release|Any CPU = Release|Any CPU
	EndGlobalSection
	GlobalSection(ProjectConfigurationPlatforms) = postSolution
		{993C9602-24BF-4C4B-A049-95DEA5F674B7}.Debug|Any CPU.ActiveCfg = Debug|Any CPU
		{993C9602-24BF-4C4B-A049-95DEA5F674B7}.Debug|Any CPU.Build.0 = Debug|Any CPU
		{993C9602-24BF-4C4B-A049-95DEA5F674B7}.Release|Any CPU.ActiveCfg = Release|Any CPU
		{993C9602-24BF-4C4B-A049-95DEA5F674B7}.Release|Any CPU.Build.0 = Release|Any CPU
	EndGlobalSection
	GlobalSection(SolutionProperties) = preSolution
		HideSolutionNode = FALSE
	EndGlobalSection
	GlobalSection(ExtensibilityGlobals) = postSolution
		SolutionGuid = {CB000EAE-6077-43E7-9E72-BEAEFB90D2F3}
	EndGlobalSection
EndGlobal
