
Microsoft Visual Studio Solution File, Format Version 12.00
# Visual Studio Version 17
VisualStudioVersion = 17.5.33530.505
MinimumVisualStudioVersion = 10.0.40219.1
Project("{9A19103F-16F7-4668-BE54-9A1E7A4F7556}") = "Learning03", "Learning03.csproj", "{B7A3ED68-39CF-4EF6-9B58-6A7C5A0ED49F}"
EndProject
Global
	GlobalSection(SolutionConfigurationPlatforms) = preSolution
		Debug|Any CPU = Debug|Any CPU
		Release|Any CPU = Release|Any CPU
	EndGlobalSection
	GlobalSection(ProjectConfigurationPlatforms) = postSolution
		{B7A3ED68-39CF-4EF6-9B58-6A7C5A0ED49F}.Debug|Any CPU.ActiveCfg = Debug|Any CPU
		{B7A3ED68-39CF-4EF6-9B58-6A7C5A0ED49F}.Debug|Any CPU.Build.0 = Debug|Any CPU
		{B7A3ED68-39CF-4EF6-9B58-6A7C5A0ED49F}.Release|Any CPU.ActiveCfg = Release|Any CPU
		{B7A3ED68-39CF-4EF6-9B58-6A7C5A0ED49F}.Release|Any CPU.Build.0 = Release|Any CPU
	EndGlobalSection
	GlobalSection(SolutionProperties) = preSolution
		HideSolutionNode = FALSE
	EndGlobalSection
	GlobalSection(ExtensibilityGlobals) = postSolution
		SolutionGuid = {90332BEC-59F2-483E-B381-6C5A6BE5EED7}
	EndGlobalSection
EndGlobal
