
Microsoft Visual Studio Solution File, Format Version 12.00
# Visual Studio Version 17
VisualStudioVersion = 17.5.33530.505
MinimumVisualStudioVersion = 10.0.40219.1
Project("{9A19103F-16F7-4668-BE54-9A1E7A4F7556}") = "Foundation2", "Foundation2.csproj", "{EEABCC74-8B59-4218-AD54-9CD22CCAFE4C}"
EndProject
Global
	GlobalSection(SolutionConfigurationPlatforms) = preSolution
		Debug|Any CPU = Debug|Any CPU
		Release|Any CPU = Release|Any CPU
	EndGlobalSection
	GlobalSection(ProjectConfigurationPlatforms) = postSolution
		{EEABCC74-8B59-4218-AD54-9CD22CCAFE4C}.Debug|Any CPU.ActiveCfg = Debug|Any CPU
		{EEABCC74-8B59-4218-AD54-9CD22CCAFE4C}.Debug|Any CPU.Build.0 = Debug|Any CPU
		{EEABCC74-8B59-4218-AD54-9CD22CCAFE4C}.Release|Any CPU.ActiveCfg = Release|Any CPU
		{EEABCC74-8B59-4218-AD54-9CD22CCAFE4C}.Release|Any CPU.Build.0 = Release|Any CPU
	EndGlobalSection
	GlobalSection(SolutionProperties) = preSolution
		HideSolutionNode = FALSE
	EndGlobalSection
	GlobalSection(ExtensibilityGlobals) = postSolution
		SolutionGuid = {0D3D8819-8CA7-45DD-B89F-DF8F22513BD8}
	EndGlobalSection
EndGlobal
