
Microsoft Visual Studio Solution File, Format Version 12.00
# Visual Studio Version 17
VisualStudioVersion = 17.5.33530.505
MinimumVisualStudioVersion = 10.0.40219.1
Project("{9A19103F-16F7-4668-BE54-9A1E7A4F7556}") = "Learning02", "Learning02.csproj", "{DB128E28-5B4D-44BC-8921-8CC108D1CC9E}"
EndProject
Global
	GlobalSection(SolutionConfigurationPlatforms) = preSolution
		Debug|Any CPU = Debug|Any CPU
		Release|Any CPU = Release|Any CPU
	EndGlobalSection
	GlobalSection(ProjectConfigurationPlatforms) = postSolution
		{DB128E28-5B4D-44BC-8921-8CC108D1CC9E}.Debug|Any CPU.ActiveCfg = Debug|Any CPU
		{DB128E28-5B4D-44BC-8921-8CC108D1CC9E}.Debug|Any CPU.Build.0 = Debug|Any CPU
		{DB128E28-5B4D-44BC-8921-8CC108D1CC9E}.Release|Any CPU.ActiveCfg = Release|Any CPU
		{DB128E28-5B4D-44BC-8921-8CC108D1CC9E}.Release|Any CPU.Build.0 = Release|Any CPU
	EndGlobalSection
	GlobalSection(SolutionProperties) = preSolution
		HideSolutionNode = FALSE
	EndGlobalSection
	GlobalSection(ExtensibilityGlobals) = postSolution
		SolutionGuid = {B77E1E21-DD00-4A94-A349-512B8C020B0C}
	EndGlobalSection
EndGlobal
