
Microsoft Visual Studio Solution File, Format Version 12.00
# Visual Studio Version 17
VisualStudioVersion = 17.5.33530.505
MinimumVisualStudioVersion = 10.0.40219.1
Project("{9A19103F-16F7-4668-BE54-9A1E7A4F7556}") = "Learning04", "Learning04.csproj", "{E5BF3BA3-0FE9-412A-9904-50E5A91FFF6F}"
EndProject
Global
	GlobalSection(SolutionConfigurationPlatforms) = preSolution
		Debug|Any CPU = Debug|Any CPU
		Release|Any CPU = Release|Any CPU
	EndGlobalSection
	GlobalSection(ProjectConfigurationPlatforms) = postSolution
		{E5BF3BA3-0FE9-412A-9904-50E5A91FFF6F}.Debug|Any CPU.ActiveCfg = Debug|Any CPU
		{E5BF3BA3-0FE9-412A-9904-50E5A91FFF6F}.Debug|Any CPU.Build.0 = Debug|Any CPU
		{E5BF3BA3-0FE9-412A-9904-50E5A91FFF6F}.Release|Any CPU.ActiveCfg = Release|Any CPU
		{E5BF3BA3-0FE9-412A-9904-50E5A91FFF6F}.Release|Any CPU.Build.0 = Release|Any CPU
	EndGlobalSection
	GlobalSection(SolutionProperties) = preSolution
		HideSolutionNode = FALSE
	EndGlobalSection
	GlobalSection(ExtensibilityGlobals) = postSolution
		SolutionGuid = {39D65FF5-6496-4A2C-939A-F3987EC33A83}
	EndGlobalSection
EndGlobal
